
Microsoft Visual Studio Solution File, Format Version 12.00
# Visual Studio Version 16
VisualStudioVersion = 16.0.31205.134
MinimumVisualStudioVersion = 10.0.40219.1
Project("{FAE04EC0-301F-11D3-BF4B-00C04F79EFBC}") = "CoinsAge", "CoinsAge\CoinsAge.csproj", "{FC0A5E5F-EDA5-4A18-97F0-A7E532B1CD19}"
EndProject
Global
	GlobalSection(SolutionConfigurationPlatforms) = preSolution
		Debug|Any CPU = Debug|Any CPU
		Release|Any CPU = Release|Any CPU
	EndGlobalSection
	GlobalSection(ProjectConfigurationPlatforms) = postSolution
		{FC0A5E5F-EDA5-4A18-97F0-A7E532B1CD19}.Debug|Any CPU.ActiveCfg = Debug|Any CPU
		{FC0A5E5F-EDA5-4A18-97F0-A7E532B1CD19}.Debug|Any CPU.Build.0 = Debug|Any CPU
		{FC0A5E5F-EDA5-4A18-97F0-A7E532B1CD19}.Release|Any CPU.ActiveCfg = Release|Any CPU
		{FC0A5E5F-EDA5-4A18-97F0-A7E532B1CD19}.Release|Any CPU.Build.0 = Release|Any CPU
	EndGlobalSection
	GlobalSection(SolutionProperties) = preSolution
		HideSolutionNode = FALSE
	EndGlobalSection
	GlobalSection(ExtensibilityGlobals) = postSolution
		SolutionGuid = {88D2C9A9-8F00-4333-9981-0DC4A1D1C385}
	EndGlobalSection
EndGlobal
